// !$*UTF8*$!
{
	archiveVersion = 1;
	classes = {
	};
	objectVersion = 50;
	objects = {

/* Begin PBXBuildFile section */
		ED0984D8262268610001D211 /* AppDelegate.swift in Sources */ = {isa = PBXBuildFile; fileRef = ED0984D7262268610001D211 /* AppDelegate.swift */; };
		ED0984DA262268610001D211 /* SceneDelegate.swift in Sources */ = {isa = PBXBuildFile; fileRef = ED0984D9262268610001D211 /* SceneDelegate.swift */; };
		ED0984DC262268610001D211 /* ViewController.swift in Sources */ = {isa = PBXBuildFile; fileRef = ED0984DB262268610001D211 /* ViewController.swift */; };
		ED0984E1262268610001D211 /* Assets.xcassets in Resources */ = {isa = PBXBuildFile; fileRef = ED0984E0262268610001D211 /* Assets.xcassets */; };
		ED0984E4262268610001D211 /* LaunchScreen.storyboard in Resources */ = {isa = PBXBuildFile; fileRef = ED0984E2262268610001D211 /* LaunchScreen.storyboard */; };
		ED3D60002674847E00352600 /* Cell.xib in Resources */ = {isa = PBXBuildFile; fileRef = ED3D5FFF2674847E00352600 /* Cell.xib */; };
		ED3D6006267C086F00352600 /* TableDataSource.swift in Sources */ = {isa = PBXBuildFile; fileRef = ED3D6005267C086F00352600 /* TableDataSource.swift */; };
		ED46D40E2623DFB400EB2E1C /* SunTimes.swift in Sources */ = {isa = PBXBuildFile; fileRef = ED46D40D2623DFB400EB2E1C /* SunTimes.swift */; };
		EDAB1ED0278DFF8F00BBADBF /* LocationDelegate.swift in Sources */ = {isa = PBXBuildFile; fileRef = EDAB1ECF278DFF8F00BBADBF /* LocationDelegate.swift */; };
/* End PBXBuildFile section */

/* Begin PBXCopyFilesBuildPhase section */
		ED09851E262276040001D211 /* Embed Frameworks */ = {
			isa = PBXCopyFilesBuildPhase;
			buildActionMask = 2147483647;
			dstPath = "";
			dstSubfolderSpec = 10;
			files = (
			);
			name = "Embed Frameworks";
			runOnlyForDeploymentPostprocessing = 0;
		};
/* End PBXCopyFilesBuildPhase section */

/* Begin PBXFileReference section */
		ED0984D4262268610001D211 /* Salat.app */ = {isa = PBXFileReference; explicitFileType = wrapper.application; includeInIndex = 0; path = Salat.app; sourceTree = BUILT_PRODUCTS_DIR; };
		ED0984D7262268610001D211 /* AppDelegate.swift */ = {isa = PBXFileReference; lastKnownFileType = sourcecode.swift; path = AppDelegate.swift; sourceTree = "<group>"; };
		ED0984D9262268610001D211 /* SceneDelegate.swift */ = {isa = PBXFileReference; lastKnownFileType = sourcecode.swift; path = SceneDelegate.swift; sourceTree = "<group>"; };
		ED0984DB262268610001D211 /* ViewController.swift */ = {isa = PBXFileReference; lastKnownFileType = sourcecode.swift; path = ViewController.swift; sourceTree = "<group>"; };
		ED0984E0262268610001D211 /* Assets.xcassets */ = {isa = PBXFileReference; lastKnownFileType = folder.assetcatalog; path = Assets.xcassets; sourceTree = "<group>"; };
		ED0984E3262268610001D211 /* Base */ = {isa = PBXFileReference; lastKnownFileType = file.storyboard; name = Base; path = Base.lproj/LaunchScreen.storyboard; sourceTree = "<group>"; };
		ED0984E5262268610001D211 /* Info.plist */ = {isa = PBXFileReference; lastKnownFileType = text.plist.xml; path = Info.plist; sourceTree = "<group>"; };
		ED3D5FFF2674847E00352600 /* Cell.xib */ = {isa = PBXFileReference; lastKnownFileType = file.xib; path = Cell.xib; sourceTree = "<group>"; };
		ED3D6005267C086F00352600 /* TableDataSource.swift */ = {isa = PBXFileReference; lastKnownFileType = sourcecode.swift; path = TableDataSource.swift; sourceTree = "<group>"; };
		ED46D40D2623DFB400EB2E1C /* SunTimes.swift */ = {isa = PBXFileReference; fileEncoding = 4; lastKnownFileType = sourcecode.swift; path = SunTimes.swift; sourceTree = "<group>"; };
		EDAB1ECF278DFF8F00BBADBF /* LocationDelegate.swift */ = {isa = PBXFileReference; lastKnownFileType = sourcecode.swift; path = LocationDelegate.swift; sourceTree = "<group>"; };
/* End PBXFileReference section */

/* Begin PBXFrameworksBuildPhase section */
		ED0984D1262268610001D211 /* Frameworks */ = {
			isa = PBXFrameworksBuildPhase;
			buildActionMask = 2147483647;
			files = (
			);
			runOnlyForDeploymentPostprocessing = 0;
		};
/* End PBXFrameworksBuildPhase section */

/* Begin PBXGroup section */
		ED0984CB262268610001D211 = {
			isa = PBXGroup;
			children = (
				ED0984D6262268610001D211 /* Salat */,
				ED0984D5262268610001D211 /* Products */,
			);
			sourceTree = "<group>";
		};
		ED0984D5262268610001D211 /* Products */ = {
			isa = PBXGroup;
			children = (
				ED0984D4262268610001D211 /* Salat.app */,
			);
			name = Products;
			sourceTree = "<group>";
		};
		ED0984D6262268610001D211 /* Salat */ = {
			isa = PBXGroup;
			children = (
				ED0984DB262268610001D211 /* ViewController.swift */,
				EDAB1ECF278DFF8F00BBADBF /* LocationDelegate.swift */,
				ED3D5FFC2674843B00352600 /* TableView */,
				ED46D40C2623DF9C00EB2E1C /* SunTimes */,
				ED3D60032675E95600352600 /* Delegates */,
				ED0984E0262268610001D211 /* Assets.xcassets */,
				ED0984E2262268610001D211 /* LaunchScreen.storyboard */,
				ED0984E5262268610001D211 /* Info.plist */,
			);
			path = Salat;
			sourceTree = "<group>";
		};
		ED3D5FFC2674843B00352600 /* TableView */ = {
			isa = PBXGroup;
			children = (
				ED3D6005267C086F00352600 /* TableDataSource.swift */,
				ED3D5FFF2674847E00352600 /* Cell.xib */,
			);
			name = TableView;
			sourceTree = "<group>";
		};
		ED3D60032675E95600352600 /* Delegates */ = {
			isa = PBXGroup;
			children = (
				ED0984D7262268610001D211 /* AppDelegate.swift */,
				ED0984D9262268610001D211 /* SceneDelegate.swift */,
			);
			name = Delegates;
			sourceTree = "<group>";
		};
		ED46D40C2623DF9C00EB2E1C /* SunTimes */ = {
			isa = PBXGroup;
			children = (
				ED46D40D2623DFB400EB2E1C /* SunTimes.swift */,
			);
			path = SunTimes;
			sourceTree = "<group>";
		};
/* End PBXGroup section */

/* Begin PBXNativeTarget section */
		ED0984D3262268610001D211 /* Salat */ = {
			isa = PBXNativeTarget;
			buildConfigurationList = ED0984E8262268610001D211 /* Build configuration list for PBXNativeTarget "Salat" */;
			buildPhases = (
				ED0984D0262268610001D211 /* Sources */,
				ED0984D1262268610001D211 /* Frameworks */,
				ED0984D2262268610001D211 /* Resources */,
				ED09851E262276040001D211 /* Embed Frameworks */,
			);
			buildRules = (
			);
			dependencies = (
			);
			name = Salat;
			productName = Salat;
			productReference = ED0984D4262268610001D211 /* Salat.app */;
			productType = "com.apple.product-type.application";
		};
/* End PBXNativeTarget section */

/* Begin PBXProject section */
		ED0984CC262268610001D211 /* Project object */ = {
			isa = PBXProject;
			attributes = {
				LastSwiftUpdateCheck = 1240;
				LastUpgradeCheck = 1240;
				TargetAttributes = {
					ED0984D3262268610001D211 = {
						CreatedOnToolsVersion = 12.4;
					};
				};
			};
			buildConfigurationList = ED0984CF262268610001D211 /* Build configuration list for PBXProject "Salat" */;
			compatibilityVersion = "Xcode 9.3";
			developmentRegion = en;
			hasScannedForEncodings = 0;
			knownRegions = (
				en,
				Base,
			);
			mainGroup = ED0984CB262268610001D211;
			productRefGroup = ED0984D5262268610001D211 /* Products */;
			projectDirPath = "";
			projectRoot = "";
			targets = (
				ED0984D3262268610001D211 /* Salat */,
			);
		};
/* End PBXProject section */

/* Begin PBXResourcesBuildPhase section */
		ED0984D2262268610001D211 /* Resources */ = {
			isa = PBXResourcesBuildPhase;
			buildActionMask = 2147483647;
			files = (
				ED0984E4262268610001D211 /* LaunchScreen.storyboard in Resources */,
				ED3D60002674847E00352600 /* Cell.xib in Resources */,
				ED0984E1262268610001D211 /* Assets.xcassets in Resources */,
			);
			runOnlyForDeploymentPostprocessing = 0;
		};
/* End PBXResourcesBuildPhase section */

/* Begin PBXSourcesBuildPhase section */
		ED0984D0262268610001D211 /* Sources */ = {
			isa = PBXSourcesBuildPhase;
			buildActionMask = 2147483647;
			files = (
				ED0984DC262268610001D211 /* ViewController.swift in Sources */,
				ED3D6006267C086F00352600 /* TableDataSource.swift in Sources */,
				EDAB1ED0278DFF8F00BBADBF /* LocationDelegate.swift in Sources */,
				ED46D40E2623DFB400EB2E1C /* SunTimes.swift in Sources */,
				ED0984D8262268610001D211 /* AppDelegate.swift in Sources */,
				ED0984DA262268610001D211 /* SceneDelegate.swift in Sources */,
			);
			runOnlyForDeploymentPostprocessing = 0;
		};
/* End PBXSourcesBuildPhase section */

/* Begin PBXVariantGroup section */
		ED0984E2262268610001D211 /* LaunchScreen.storyboard */ = {
			isa = PBXVariantGroup;
			children = (
				ED0984E3262268610001D211 /* Base */,
			);
			name = LaunchScreen.storyboard;
			sourceTree = "<group>";
		};
/* End PBXVariantGroup section */

/* Begin XCBuildConfiguration section */
		ED0984E6262268610001D211 /* Debug */ = {
			isa = XCBuildConfiguration;
			buildSettings = {
				ALWAYS_SEARCH_USER_PATHS = NO;
				CLANG_ANALYZER_NONNULL = YES;
				CLANG_ANALYZER_NUMBER_OBJECT_CONVERSION = YES_AGGRESSIVE;
				CLANG_CXX_LANGUAGE_STANDARD = "gnu++14";
				CLANG_CXX_LIBRARY = "libc++";
				CLANG_ENABLE_MODULES = YES;
				CLANG_ENABLE_OBJC_ARC = YES;
				CLANG_ENABLE_OBJC_WEAK = YES;
				CLANG_WARN_BLOCK_CAPTURE_AUTORELEASING = YES;
				CLANG_WARN_BOOL_CONVERSION = YES;
				CLANG_WARN_COMMA = YES;
				CLANG_WARN_CONSTANT_CONVERSION = YES;
				CLANG_WARN_DEPRECATED_OBJC_IMPLEMENTATIONS = YES;
				CLANG_WARN_DIRECT_OBJC_ISA_USAGE = YES_ERROR;
				CLANG_WARN_DOCUMENTATION_COMMENTS = YES;
				CLANG_WARN_EMPTY_BODY = YES;
				CLANG_WARN_ENUM_CONVERSION = YES;
				CLANG_WARN_INFINITE_RECURSION = YES;
				CLANG_WARN_INT_CONVERSION = YES;
				CLANG_WARN_NON_LITERAL_NULL_CONVERSION = YES;
				CLANG_WARN_OBJC_IMPLICIT_RETAIN_SELF = YES;
				CLANG_WARN_OBJC_LITERAL_CONVERSION = YES;
				CLANG_WARN_OBJC_ROOT_CLASS = YES_ERROR;
				CLANG_WARN_QUOTED_INCLUDE_IN_FRAMEWORK_HEADER = YES;
				CLANG_WARN_RANGE_LOOP_ANALYSIS = YES;
				CLANG_WARN_STRICT_PROTOTYPES = YES;
				CLANG_WARN_SUSPICIOUS_MOVE = YES;
				CLANG_WARN_UNGUARDED_AVAILABILITY = YES_AGGRESSIVE;
				CLANG_WARN_UNREACHABLE_CODE = YES;
				CLANG_WARN__DUPLICATE_METHOD_MATCH = YES;
				COPY_PHASE_STRIP = NO;
				DEBUG_INFORMATION_FORMAT = dwarf;
				ENABLE_STRICT_OBJC_MSGSEND = YES;
				ENABLE_TESTABILITY = YES;
				GCC_C_LANGUAGE_STANDARD = gnu11;
				GCC_DYNAMIC_NO_PIC = NO;
				GCC_NO_COMMON_BLOCKS = YES;
				GCC_OPTIMIZATION_LEVEL = 0;
				GCC_PREPROCESSOR_DEFINITIONS = (
					"DEBUG=1",
					"$(inherited)",
				);
				GCC_WARN_64_TO_32_BIT_CONVERSION = YES;
				GCC_WARN_ABOUT_RETURN_TYPE = YES_ERROR;
				GCC_WARN_UNDECLARED_SELECTOR = YES;
				GCC_WARN_UNINITIALIZED_AUTOS = YES_AGGRESSIVE;
				GCC_WARN_UNUSED_FUNCTION = YES;
				GCC_WARN_UNUSED_VARIABLE = YES;
				IPHONEOS_DEPLOYMENT_TARGET = 14.4;
				MTL_ENABLE_DEBUG_INFO = INCLUDE_SOURCE;
				MTL_FAST_MATH = YES;
				ONLY_ACTIVE_ARCH = YES;
				SDKROOT = iphoneos;
				SWIFT_ACTIVE_COMPILATION_CONDITIONS = DEBUG;
				SWIFT_OPTIMIZATION_LEVEL = "-Onone";
			};
			name = Debug;
		};
		ED0984E7262268610001D211 /* Release */ = {
			isa = XCBuildConfiguration;
			buildSettings = {
				ALWAYS_SEARCH_USER_PATHS = NO;
				CLANG_ANALYZER_NONNULL = YES;
				CLANG_ANALYZER_NUMBER_OBJECT_CONVERSION = YES_AGGRESSIVE;
				CLANG_CXX_LANGUAGE_STANDARD = "gnu++14";
				CLANG_CXX_LIBRARY = "libc++";
				CLANG_ENABLE_MODULES = YES;
				CLANG_ENABLE_OBJC_ARC = YES;
				CLANG_ENABLE_OBJC_WEAK = YES;
				CLANG_WARN_BLOCK_CAPTURE_AUTORELEASING = YES;
				CLANG_WARN_BOOL_CONVERSION = YES;
				CLANG_WARN_COMMA = YES;
				CLANG_WARN_CONSTANT_CONVERSION = YES;
				CLANG_WARN_DEPRECATED_OBJC_IMPLEMENTATIONS = YES;
				CLANG_WARN_DIRECT_OBJC_ISA_USAGE = YES_ERROR;
				CLANG_WARN_DOCUMENTATION_COMMENTS = YES;
				CLANG_WARN_EMPTY_BODY = YES;
				CLANG_WARN_ENUM_CONVERSION = YES;
				CLANG_WARN_INFINITE_RECURSION = YES;
				CLANG_WARN_INT_CONVERSION = YES;
				CLANG_WARN_NON_LITERAL_NULL_CONVERSION = YES;
				CLANG_WARN_OBJC_IMPLICIT_RETAIN_SELF = YES;
				CLANG_WARN_OBJC_LITERAL_CONVERSION = YES;
				CLANG_WARN_OBJC_ROOT_CLASS = YES_ERROR;
				CLANG_WARN_QUOTED_INCLUDE_IN_FRAMEWORK_HEADER = YES;
				CLANG_WARN_RANGE_LOOP_ANALYSIS = YES;
				CLANG_WARN_STRICT_PROTOTYPES = YES;
				CLANG_WARN_SUSPICIOUS_MOVE = YES;
				CLANG_WARN_UNGUARDED_AVAILABILITY = YES_AGGRESSIVE;
				CLANG_WARN_UNREACHABLE_CODE = YES;
				CLANG_WARN__DUPLICATE_METHOD_MATCH = YES;
				COPY_PHASE_STRIP = NO;
				DEBUG_INFORMATION_FORMAT = "dwarf-with-dsym";
				ENABLE_NS_ASSERTIONS = NO;
				ENABLE_STRICT_OBJC_MSGSEND = YES;
				GCC_C_LANGUAGE_STANDARD = gnu11;
				GCC_NO_COMMON_BLOCKS = YES;
				GCC_WARN_64_TO_32_BIT_CONVERSION = YES;
				GCC_WARN_ABOUT_RETURN_TYPE = YES_ERROR;
				GCC_WARN_UNDECLARED_SELECTOR = YES;
				GCC_WARN_UNINITIALIZED_AUTOS = YES_AGGRESSIVE;
				GCC_WARN_UNUSED_FUNCTION = YES;
				GCC_WARN_UNUSED_VARIABLE = YES;
				IPHONEOS_DEPLOYMENT_TARGET = 14.4;
				MTL_ENABLE_DEBUG_INFO = NO;
				MTL_FAST_MATH = YES;
				SDKROOT = iphoneos;
				SWIFT_COMPILATION_MODE = wholemodule;
				SWIFT_OPTIMIZATION_LEVEL = "-O";
				VALIDATE_PRODUCT = YES;
			};
			name = Release;
		};
		ED0984E9262268610001D211 /* Debug */ = {
			isa = XCBuildConfiguration;
			buildSettings = {
				ASSETCATALOG_COMPILER_APPICON_NAME = AppIcon;
				CODE_SIGN_STYLE = Automatic;
				DEVELOPMENT_TEAM = HV6243277V;
				INFOPLIST_FILE = Salat/Info.plist;
				IPHONEOS_DEPLOYMENT_TARGET = 15.0;
				LD_RUNPATH_SEARCH_PATHS = (
					"$(inherited)",
					"@executable_path/Frameworks",
				);
				MARKETING_VERSION = 3.2;
				PRODUCT_BUNDLE_IDENTIFIER = com.parsasaray.Salat;
				PRODUCT_NAME = "$(TARGET_NAME)";
				SWIFT_VERSION = 5.0;
				TARGETED_DEVICE_FAMILY = 1;
			};
			name = Debug;
		};
		ED0984EA262268610001D211 /* Release */ = {
			isa = XCBuildConfiguration;
			buildSettings = {
				ASSETCATALOG_COMPILER_APPICON_NAME = AppIcon;
				CODE_SIGN_STYLE = Automatic;
				DEVELOPMENT_TEAM = HV6243277V;
				INFOPLIST_FILE = Salat/Info.plist;
				IPHONEOS_DEPLOYMENT_TARGET = 15.0;
				LD_RUNPATH_SEARCH_PATHS = (
					"$(inherited)",
					"@executable_path/Frameworks",
				);
				MARKETING_VERSION = 3.2;
				PRODUCT_BUNDLE_IDENTIFIER = com.parsasaray.Salat;
				PRODUCT_NAME = "$(TARGET_NAME)";
				SWIFT_VERSION = 5.0;
				TARGETED_DEVICE_FAMILY = 1;
			};
			name = Release;
		};
/* End XCBuildConfiguration section */

/* Begin XCConfigurationList section */
		ED0984CF262268610001D211 /* Build configuration list for PBXProject "Salat" */ = {
			isa = XCConfigurationList;
			buildConfigurations = (
				ED0984E6262268610001D211 /* Debug */,
				ED0984E7262268610001D211 /* Release */,
			);
			defaultConfigurationIsVisible = 0;
			defaultConfigurationName = Release;
		};
		ED0984E8262268610001D211 /* Build configuration list for PBXNativeTarget "Salat" */ = {
			isa = XCConfigurationList;
			buildConfigurations = (
				ED0984E9262268610001D211 /* Debug */,
				ED0984EA262268610001D211 /* Release */,
			);
			defaultConfigurationIsVisible = 0;
			defaultConfigurationName = Release;
		};
/* End XCConfigurationList section */
	};
	rootObject = ED0984CC262268610001D211 /* Project object */;
}
